PODS:
  - Flutter (1.0.0)
  - Instant (12.3.0)
  - PSPDFKit (12.3.0):
    - PSPDFKit/Core (= 12.3.0)
  - PSPDFKit/Core (12.3.0)
  - pspdfkit_flutter (3.6.0):
    - Flutter
    - Instant
    - PSPDFKit

DEPENDENCIES:
  - Flutter (from `Flutter`)
  - pspdfkit_flutter (from `.symlinks/plugins/pspdfkit_flutter/ios`)

SPEC REPOS:
  trunk:
    - Instant
    - PSPDFKit

EXTERNAL SOURCES:
  Flutter:
    :path: Flutter
  pspdfkit_flutter:
    :path: ".symlinks/plugins/pspdfkit_flutter/ios"

SPEC CHECKSUMS:
  Flutter: f04841e97a9d0b0a8025694d0796dd46242b2854
  Instant: 80f55e5467866f4fcdb69beffcdab9caa5c70a5d
  PSPDFKit: 39123c1bff6051a2a11d6b50cfe7ffab221fcfe0
  pspdfkit_flutter: 192ed8925d213ac6f18ad2b48148b41d4c383d2a

PODFILE CHECKSUM: 9c46fd01abff66081b39f5fa5767b3f1d0b11d76

COCOAPODS: 1.12.1
